dependencies:
- name: rabbitmq
  repository: https://charts.bitnami.com/bitnami
  version: 7.6.8
- name: memcached
  repository: https://charts.bitnami.com/bitnami
  version: 4.2.26
- name: postgresql
  repository: https://charts.bitnami.com/bitnami
  version: 9.8.5
digest: sha256:8ecc3f683e64dd05d92e7aba1994732b282bebb8650dd97a01d7f3d4550975a7
generated: "2020-10-22T11:57:15.730471-05:00"
